{
  "version": 4,
  "terraform_version": "1.9.7",
  "serial": 60,
  "lineage": "03482e71-3d57-1b3a-75a5-fd6f6a111600",
  "outputs": {},
  "resources": [
    {
      "mode": "managed",
      "type": "aws_iam_user",
      "name": "myuser",
      "provider": "provider[\"registry.terraform.io/hashicorp/aws\"]",
      "instances": [
        {
          "index_key": "Dave",
          "schema_version": 0,
          "attributes": {
            "arn": "arn:aws:iam::820242933469:user/Dave",
            "force_destroy": false,
            "id": "Dave",
            "name": "Dave",
            "path": "/",
            "permissions_boundary": "",
            "tags": {},
            "tags_all": {},
            "unique_id": "AIDA356SJ43OX63JEYZCB"
          },
          "sensitive_attributes": [],
          "private": "bnVsbA=="
        },
        {
          "index_key": "Jack",
          "schema_version": 0,
          "attributes": {
            "arn": "arn:aws:iam::820242933469:user/Jack",
            "force_destroy": false,
            "id": "Jack",
            "name": "Jack",
            "path": "/",
            "permissions_boundary": "",
            "tags": {},
            "tags_all": {},
            "unique_id": "AIDA356SJ43OUS5O5CJ2F"
          },
          "sensitive_attributes": [],
          "private": "bnVsbA=="
        },
        {
          "index_key": "James",
          "schema_version": 0,
          "attributes": {
            "arn": "arn:aws:iam::820242933469:user/James",
            "force_destroy": false,
            "id": "James",
            "name": "James",
            "path": "/",
            "permissions_boundary": "",
            "tags": {},
            "tags_all": {},
            "unique_id": "AIDA356SJ43OTKCVSQIKX"
          },
          "sensitive_attributes": [],
          "private": "bnVsbA=="
        },
        {
          "index_key": "Madhu",
          "schema_version": 0,
          "attributes": {
            "arn": "arn:aws:iam::820242933469:user/Madhu",
            "force_destroy": false,
            "id": "Madhu",
            "name": "Madhu",
            "path": "/",
            "permissions_boundary": "",
            "tags": {},
            "tags_all": {},
            "unique_id": "AIDA356SJ43OYRJXM5HPR"
          },
          "sensitive_attributes": [],
          "private": "bnVsbA=="
        }
      ]
    }
  ],
  "check_results": null
}
